
Microsoft Visual Studio Solution File, Format Version 12.00
Project("{FAE04EC0-301F-11D3-BF4B-00C04F79EFBC}") = "Simplify.CSharp", "Simplify.CSharp\Simplify.CSharp.csproj", "{9ABA6BFC-D914-4951-8B1D-88AAB626A304}"
EndProject
Project("{FAE04EC0-301F-11D3-BF4B-00C04F79EFBC}") = "Simplify.CSharp.Test", "Simplify.CSharp.Test\Simplify.CSharp.Test.csproj", "{5A96BB6F-B24B-48D2-821F-19E525746FA2}"
EndProject
Global
	GlobalSection(SolutionConfigurationPlatforms) = preSolution
		Debug|Any CPU = Debug|Any CPU
		Release|Any CPU = Release|Any CPU
	EndGlobalSection
	GlobalSection(ProjectConfigurationPlatforms) = postSolution
		{9ABA6BFC-D914-4951-8B1D-88AAB626A304}.Debug|Any CPU.ActiveCfg = Debug|Any CPU
		{9ABA6BFC-D914-4951-8B1D-88AAB626A304}.Debug|Any CPU.Build.0 = Debug|Any CPU
		{9ABA6BFC-D914-4951-8B1D-88AAB626A304}.Release|Any CPU.ActiveCfg = Release|Any CPU
		{9ABA6BFC-D914-4951-8B1D-88AAB626A304}.Release|Any CPU.Build.0 = Release|Any CPU
		{5A96BB6F-B24B-48D2-821F-19E525746FA2}.Debug|Any CPU.ActiveCfg = Debug|Any CPU
		{5A96BB6F-B24B-48D2-821F-19E525746FA2}.Debug|Any CPU.Build.0 = Debug|Any CPU
		{5A96BB6F-B24B-48D2-821F-19E525746FA2}.Release|Any CPU.ActiveCfg = Release|Any CPU
		{5A96BB6F-B24B-48D2-821F-19E525746FA2}.Release|Any CPU.Build.0 = Release|Any CPU
	EndGlobalSection
EndGlobal
